
Microsoft Visual Studio Solution File, Format Version 12.00
# Visual Studio 2015
Project("{FAE04EC0-301F-11D3-BF4B-00C04F79EFBC}") = "TestCrystalProject", "TestCrystalProject.csproj", "{9811027B-950A-4FAD-1ABC-E29E0D0AAFC9}"
EndProject
Project("{FAE04EC0-301F-11D3-BF4B-00C04F79EFBC}") = "TestCrystalProject.Editor", "TestCrystalProject.Editor.csproj", "{AEBA096D-501F-77C9-007C-A9B42B91588D}"
EndProject
Global
	GlobalSection(SolutionConfigurationPlatforms) = preSolution
		Debug|Any CPU = Debug|Any CPU
		Release|Any CPU = Release|Any CPU
	EndGlobalSection
	GlobalSection(ProjectConfigurationPlatforms) = postSolution
		{9811027B-950A-4FAD-1ABC-E29E0D0AAFC9}.Debug|Any CPU.ActiveCfg = Debug|Any CPU
		{9811027B-950A-4FAD-1ABC-E29E0D0AAFC9}.Debug|Any CPU.Build.0 = Debug|Any CPU
		{9811027B-950A-4FAD-1ABC-E29E0D0AAFC9}.Release|Any CPU.ActiveCfg = Release|Any CPU
		{9811027B-950A-4FAD-1ABC-E29E0D0AAFC9}.Release|Any CPU.Build.0 = Release|Any CPU
		{AEBA096D-501F-77C9-007C-A9B42B91588D}.Debug|Any CPU.ActiveCfg = Debug|Any CPU
		{AEBA096D-501F-77C9-007C-A9B42B91588D}.Debug|Any CPU.Build.0 = Debug|Any CPU
		{AEBA096D-501F-77C9-007C-A9B42B91588D}.Release|Any CPU.ActiveCfg = Release|Any CPU
		{AEBA096D-501F-77C9-007C-A9B42B91588D}.Release|Any CPU.Build.0 = Release|Any CPU
	EndGlobalSection
	GlobalSection(SolutionProperties) = preSolution
		HideSolutionNode = FALSE
	EndGlobalSection
EndGlobal
